
Microsoft Visual Studio Solution File, Format Version 12.00
# Visual Studio Version 17
VisualStudioVersion = 17.5.33530.505
MinimumVisualStudioVersion = 10.0.40219.1
Project("{FAE04EC0-301F-11D3-BF4B-00C04F79EFBC}") = "LeaveManagement.Web", "LeaveManagement.Web\LeaveManagement.Web.csproj", "{C42990C2-B3B4-40DE-98C1-CEA9B5EBFE1B}"
EndProject
Global
	GlobalSection(SolutionConfigurationPlatforms) = preSolution
		Debug|Any CPU = Debug|Any CPU
		Release|Any CPU = Release|Any CPU
	EndGlobalSection
	GlobalSection(ProjectConfigurationPlatforms) = postSolution
		{C42990C2-B3B4-40DE-98C1-CEA9B5EBFE1B}.Debug|Any CPU.ActiveCfg = Debug|Any CPU
		{C42990C2-B3B4-40DE-98C1-CEA9B5EBFE1B}.Debug|Any CPU.Build.0 = Debug|Any CPU
		{C42990C2-B3B4-40DE-98C1-CEA9B5EBFE1B}.Release|Any CPU.ActiveCfg = Release|Any CPU
		{C42990C2-B3B4-40DE-98C1-CEA9B5EBFE1B}.Release|Any CPU.Build.0 = Release|Any CPU
	EndGlobalSection
	GlobalSection(SolutionProperties) = preSolution
		HideSolutionNode = FALSE
	EndGlobalSection
	GlobalSection(ExtensibilityGlobals) = postSolution
		SolutionGuid = {E30468EB-F02A-4432-A697-B4A7DF652C40}
	EndGlobalSection
EndGlobal
